
Microsoft Visual Studio Solution File, Format Version 12.00
# Visual Studio Version 16
VisualStudioVersion = 16.0.29905.134
MinimumVisualStudioVersion = 10.0.40219.1
Project("{FAE04EC0-301F-11D3-BF4B-00C04F79EFBC}") = "Tarayici", "Tarayici\Tarayici.csproj", "{E8C0CA19-BDF9-4C4F-B720-38736067C667}"
EndProject
Project("{FAE04EC0-301F-11D3-BF4B-00C04F79EFBC}") = "Avci", "Avci\Avci.csproj", "{6C8AB08D-FA8D-4567-AA38-945DEA3195A5}"
EndProject
Project("{FAE04EC0-301F-11D3-BF4B-00C04F79EFBC}") = "Tuccar", "Tuccar\Tuccar.csproj", "{53F250EB-DA5E-4B05-B231-1F35BAFB4984}"
EndProject
Global
	GlobalSection(SolutionConfigurationPlatforms) = preSolution
		Debug|Any CPU = Debug|Any CPU
		Release|Any CPU = Release|Any CPU
	EndGlobalSection
	GlobalSection(ProjectConfigurationPlatforms) = postSolution
		{E8C0CA19-BDF9-4C4F-B720-38736067C667}.Debug|Any CPU.ActiveCfg = Debug|Any CPU
		{E8C0CA19-BDF9-4C4F-B720-38736067C667}.Debug|Any CPU.Build.0 = Debug|Any CPU
		{E8C0CA19-BDF9-4C4F-B720-38736067C667}.Release|Any CPU.ActiveCfg = Release|Any CPU
		{E8C0CA19-BDF9-4C4F-B720-38736067C667}.Release|Any CPU.Build.0 = Release|Any CPU
		{6C8AB08D-FA8D-4567-AA38-945DEA3195A5}.Debug|Any CPU.ActiveCfg = Debug|Any CPU
		{6C8AB08D-FA8D-4567-AA38-945DEA3195A5}.Debug|Any CPU.Build.0 = Debug|Any CPU
		{6C8AB08D-FA8D-4567-AA38-945DEA3195A5}.Release|Any CPU.ActiveCfg = Release|Any CPU
		{6C8AB08D-FA8D-4567-AA38-945DEA3195A5}.Release|Any CPU.Build.0 = Release|Any CPU
		{53F250EB-DA5E-4B05-B231-1F35BAFB4984}.Debug|Any CPU.ActiveCfg = Debug|Any CPU
		{53F250EB-DA5E-4B05-B231-1F35BAFB4984}.Debug|Any CPU.Build.0 = Debug|Any CPU
		{53F250EB-DA5E-4B05-B231-1F35BAFB4984}.Release|Any CPU.ActiveCfg = Release|Any CPU
		{53F250EB-DA5E-4B05-B231-1F35BAFB4984}.Release|Any CPU.Build.0 = Release|Any CPU
	EndGlobalSection
	GlobalSection(SolutionProperties) = preSolution
		HideSolutionNode = FALSE
	EndGlobalSection
	GlobalSection(ExtensibilityGlobals) = postSolution
		EnterpriseLibraryConfigurationToolBinariesPathV6 = packages\EnterpriseLibrary.Common.6.0.1304.0\lib\NET45;packages\EnterpriseLibrary.Data.6.0.1304.0\lib\NET45
		SolutionGuid = {A4AED278-57F8-4366-A2A9-55E1E83C96B9}
	EndGlobalSection
EndGlobal
